{
  "pins" : [
    {
      "identity" : "detectnumberscore",
      "kind" : "remoteSourceControl",
      "location" : "https://github.com/vodemn/DetectNumbersCore",
      "state" : {
        "branch" : "main",
        "revision" : "b1cd89fc8dd08641d7cf785e1699f2afcbc72624"
      }
    }
  ],
  "version" : 2
}
