{
  "pins" : [
    {
      "identity" : "detectnumberscore",
      "kind" : "remoteSourceControl",
      "location" : "https://github.com/vodemn/DetectNumbersCore",
      "state" : {
        "branch" : "main",
        "revision" : "56a8785f573c33238d6c1c4654b74721c0c4ee7c"
      }
    }
  ],
  "version" : 2
}
